Microsoft Visual Studio Solution File, Format Version 12.00
# Visual Studio Version 17
VisualStudioVersion = 17.5.2.0
MinimumVisualStudioVersion = 10.0.40219.1
Project("{FAE04EC0-301F-11D3-BF4B-00C04F79EFBC}") = "CVProfile", "CVProfile.csproj", "{1421CC3B-4B36-1436-2D99-4B2529D2F2C9}"
EndProject
Global
	GlobalSection(SolutionConfigurationPlatforms) = preSolution
		Debug|Any CPU = Debug|Any CPU
		Release|Any CPU = Release|Any CPU
	EndGlobalSection
	GlobalSection(ProjectConfigurationPlatforms) = postSolution
		{1421CC3B-4B36-1436-2D99-4B2529D2F2C9}.Debug|Any CPU.ActiveCfg = Debug|Any CPU
		{1421CC3B-4B36-1436-2D99-4B2529D2F2C9}.Debug|Any CPU.Build.0 = Debug|Any CPU
		{1421CC3B-4B36-1436-2D99-4B2529D2F2C9}.Release|Any CPU.ActiveCfg = Release|Any CPU
		{1421CC3B-4B36-1436-2D99-4B2529D2F2C9}.Release|Any CPU.Build.0 = Release|Any CPU
	EndGlobalSection
	GlobalSection(SolutionProperties) = preSolution
		HideSolutionNode = FALSE
	EndGlobalSection
	GlobalSection(ExtensibilityGlobals) = postSolution
		SolutionGuid = {EDD8DC8C-2D87-40FC-8E0D-BBA64B3DA5AF}
	EndGlobalSection
EndGlobal
